
Microsoft Visual Studio Solution File, Format Version 12.00
Project("{FAE04EC0-301F-11D3-BF4B-00C04F79EFBC}") = "CustomerInfo", "CustomerInfo\CustomerInfo.csproj", "{C29A9EF5-06AA-44D1-8A9E-E6934252D7AB}"
EndProject
Global
	GlobalSection(SolutionConfigurationPlatforms) = preSolution
		Debug|Any CPU = Debug|Any CPU
		Release|Any CPU = Release|Any CPU
	EndGlobalSection
	GlobalSection(ProjectConfigurationPlatforms) = postSolution
		{C29A9EF5-06AA-44D1-8A9E-E6934252D7AB}.Debug|Any CPU.ActiveCfg = Debug|Any CPU
		{C29A9EF5-06AA-44D1-8A9E-E6934252D7AB}.Debug|Any CPU.Build.0 = Debug|Any CPU
		{C29A9EF5-06AA-44D1-8A9E-E6934252D7AB}.Release|Any CPU.ActiveCfg = Release|Any CPU
		{C29A9EF5-06AA-44D1-8A9E-E6934252D7AB}.Release|Any CPU.Build.0 = Release|Any CPU
	EndGlobalSection
EndGlobal
